
Microsoft Visual Studio Solution File, Format Version 12.00
# Visual Studio Version 17
VisualStudioVersion = 17.2.32505.173
MinimumVisualStudioVersion = 10.0.40219.1
Project("{FAE04EC0-301F-11D3-BF4B-00C04F79EFBC}") = "Rent_Car_Proje_Veritabani", "Rent_Car_Proje_Veritabani.csproj", "{098B9DAD-6ED2-407A-96F6-E6E3E4307FF4}"
EndProject
Project("{2150E333-8FDC-42A3-9474-1A3956D46DE8}") = "FontAwesome", "FontAwesome", "{E180089F-70EC-4317-8B71-98139F80425A}"
EndProject
Global
	GlobalSection(SolutionConfigurationPlatforms) = preSolution
		Debug|Any CPU = Debug|Any CPU
		Release|Any CPU = Release|Any CPU
	EndGlobalSection
	GlobalSection(ProjectConfigurationPlatforms) = postSolution
		{098B9DAD-6ED2-407A-96F6-E6E3E4307FF4}.Debug|Any CPU.ActiveCfg = Debug|Any CPU
		{098B9DAD-6ED2-407A-96F6-E6E3E4307FF4}.Debug|Any CPU.Build.0 = Debug|Any CPU
		{098B9DAD-6ED2-407A-96F6-E6E3E4307FF4}.Release|Any CPU.ActiveCfg = Release|Any CPU
		{098B9DAD-6ED2-407A-96F6-E6E3E4307FF4}.Release|Any CPU.Build.0 = Release|Any CPU
	EndGlobalSection
	GlobalSection(SolutionProperties) = preSolution
		HideSolutionNode = FALSE
	EndGlobalSection
	GlobalSection(ExtensibilityGlobals) = postSolution
		SolutionGuid = {13748DF2-8C45-415A-9314-4AC291902C55}
	EndGlobalSection
EndGlobal
